
Microsoft Visual Studio Solution File, Format Version 12.00
Project("{FAE04EC0-301F-11D3-BF4B-00C04F79EFBC}") = "Bank.EventBus.Core", "Bank.EventBus.Core\Bank.EventBus.Core.csproj", "{C988BC5C-400C-4A05-85C4-29F27C5B94F0}"
EndProject
Project("{FAE04EC0-301F-11D3-BF4B-00C04F79EFBC}") = "ClassLibrary", "ClassLibrary\ClassLibrary.csproj", "{D648CE48-A845-4104-A001-F412B3149F7A}"
EndProject
Project("{2150E333-8FDC-42A3-9474-1A3956D46DE8}") = "Solution Items", "Solution Items", "{71CA251B-8E50-4914-99C4-0AFE264A0787}"
	ProjectSection(SolutionItems) = preProject
		compose.yaml = compose.yaml
	EndProjectSection
EndProject
Project("{2150E333-8FDC-42A3-9474-1A3956D46DE8}") = "src", "src", "{FC975663-DA5B-4B22-85C5-ACD3A2AE6D90}"
EndProject
Project("{FAE04EC0-301F-11D3-BF4B-00C04F79EFBC}") = "Bank.EventBus.Worker", "Bank.EventBus.Worker\Bank.EventBus.Worker.csproj", "{2DC47541-EDD4-4034-B340-8A8DF84C202F}"
EndProject
Project("{FAE04EC0-301F-11D3-BF4B-00C04F79EFBC}") = "Bank.Client.Web", "Bank.Client.Web\Bank.Client.Web.csproj", "{F5639802-B754-4AD3-A688-DCB1F30F2A7F}"
EndProject
Project("{FAE04EC0-301F-11D3-BF4B-00C04F79EFBC}") = "TestWorker", "TestWorker\TestWorker.csproj", "{0C5CB078-2F55-4CB7-ADC5-0D2075BEE90F}"
EndProject
Project("{2150E333-8FDC-42A3-9474-1A3956D46DE8}") = "Unit Test Solution", "Unit Test Solution", "{BA95AC50-A65F-408B-8740-D4D234CFA59D}"
EndProject
Project("{FAE04EC0-301F-11D3-BF4B-00C04F79EFBC}") = "Bank.EventBus.Core.Test", "Bank.EventBus.Core.Test\Bank.EventBus.Core.Test.csproj", "{E0BCB034-3A4E-4D9A-A97E-9CDB670975EB}"
EndProject
Project("{FAE04EC0-301F-11D3-BF4B-00C04F79EFBC}") = "Bank.Client.Web.Test", "Bank.Client.Web.Test\Bank.Client.Web.Test.csproj", "{9E535DA8-1E85-426E-8A34-EE780D8E0B48}"
EndProject
Global
	GlobalSection(SolutionConfigurationPlatforms) = preSolution
		Debug|Any CPU = Debug|Any CPU
		Release|Any CPU = Release|Any CPU
	EndGlobalSection
	GlobalSection(ProjectConfigurationPlatforms) = postSolution
		{C988BC5C-400C-4A05-85C4-29F27C5B94F0}.Debug|Any CPU.ActiveCfg = Debug|Any CPU
		{C988BC5C-400C-4A05-85C4-29F27C5B94F0}.Debug|Any CPU.Build.0 = Debug|Any CPU
		{C988BC5C-400C-4A05-85C4-29F27C5B94F0}.Release|Any CPU.ActiveCfg = Release|Any CPU
		{C988BC5C-400C-4A05-85C4-29F27C5B94F0}.Release|Any CPU.Build.0 = Release|Any CPU
		{D648CE48-A845-4104-A001-F412B3149F7A}.Debug|Any CPU.ActiveCfg = Debug|Any CPU
		{D648CE48-A845-4104-A001-F412B3149F7A}.Debug|Any CPU.Build.0 = Debug|Any CPU
		{D648CE48-A845-4104-A001-F412B3149F7A}.Release|Any CPU.ActiveCfg = Release|Any CPU
		{D648CE48-A845-4104-A001-F412B3149F7A}.Release|Any CPU.Build.0 = Release|Any CPU
		{2DC47541-EDD4-4034-B340-8A8DF84C202F}.Debug|Any CPU.ActiveCfg = Debug|Any CPU
		{2DC47541-EDD4-4034-B340-8A8DF84C202F}.Debug|Any CPU.Build.0 = Debug|Any CPU
		{2DC47541-EDD4-4034-B340-8A8DF84C202F}.Release|Any CPU.ActiveCfg = Release|Any CPU
		{2DC47541-EDD4-4034-B340-8A8DF84C202F}.Release|Any CPU.Build.0 = Release|Any CPU
		{F5639802-B754-4AD3-A688-DCB1F30F2A7F}.Debug|Any CPU.ActiveCfg = Debug|Any CPU
		{F5639802-B754-4AD3-A688-DCB1F30F2A7F}.Debug|Any CPU.Build.0 = Debug|Any CPU
		{F5639802-B754-4AD3-A688-DCB1F30F2A7F}.Release|Any CPU.ActiveCfg = Release|Any CPU
		{F5639802-B754-4AD3-A688-DCB1F30F2A7F}.Release|Any CPU.Build.0 = Release|Any CPU
		{0C5CB078-2F55-4CB7-ADC5-0D2075BEE90F}.Debug|Any CPU.ActiveCfg = Debug|Any CPU
		{0C5CB078-2F55-4CB7-ADC5-0D2075BEE90F}.Debug|Any CPU.Build.0 = Debug|Any CPU
		{0C5CB078-2F55-4CB7-ADC5-0D2075BEE90F}.Release|Any CPU.ActiveCfg = Release|Any CPU
		{0C5CB078-2F55-4CB7-ADC5-0D2075BEE90F}.Release|Any CPU.Build.0 = Release|Any CPU
		{E0BCB034-3A4E-4D9A-A97E-9CDB670975EB}.Debug|Any CPU.ActiveCfg = Debug|Any CPU
		{E0BCB034-3A4E-4D9A-A97E-9CDB670975EB}.Debug|Any CPU.Build.0 = Debug|Any CPU
		{E0BCB034-3A4E-4D9A-A97E-9CDB670975EB}.Release|Any CPU.ActiveCfg = Release|Any CPU
		{E0BCB034-3A4E-4D9A-A97E-9CDB670975EB}.Release|Any CPU.Build.0 = Release|Any CPU
		{9E535DA8-1E85-426E-8A34-EE780D8E0B48}.Debug|Any CPU.ActiveCfg = Debug|Any CPU
		{9E535DA8-1E85-426E-8A34-EE780D8E0B48}.Debug|Any CPU.Build.0 = Debug|Any CPU
		{9E535DA8-1E85-426E-8A34-EE780D8E0B48}.Release|Any CPU.ActiveCfg = Release|Any CPU
		{9E535DA8-1E85-426E-8A34-EE780D8E0B48}.Release|Any CPU.Build.0 = Release|Any CPU
	EndGlobalSection
	GlobalSection(NestedProjects) = preSolution
		{C988BC5C-400C-4A05-85C4-29F27C5B94F0} = {FC975663-DA5B-4B22-85C5-ACD3A2AE6D90}
		{D648CE48-A845-4104-A001-F412B3149F7A} = {71CA251B-8E50-4914-99C4-0AFE264A0787}
		{2DC47541-EDD4-4034-B340-8A8DF84C202F} = {FC975663-DA5B-4B22-85C5-ACD3A2AE6D90}
		{F5639802-B754-4AD3-A688-DCB1F30F2A7F} = {FC975663-DA5B-4B22-85C5-ACD3A2AE6D90}
		{0C5CB078-2F55-4CB7-ADC5-0D2075BEE90F} = {FC975663-DA5B-4B22-85C5-ACD3A2AE6D90}
		{BA95AC50-A65F-408B-8740-D4D234CFA59D} = {FC975663-DA5B-4B22-85C5-ACD3A2AE6D90}
		{E0BCB034-3A4E-4D9A-A97E-9CDB670975EB} = {BA95AC50-A65F-408B-8740-D4D234CFA59D}
		{9E535DA8-1E85-426E-8A34-EE780D8E0B48} = {BA95AC50-A65F-408B-8740-D4D234CFA59D}
	EndGlobalSection
EndGlobal
